
Microsoft Visual Studio Solution File, Format Version 12.00
# Visual Studio Version 17
VisualStudioVersion = 17.1.32328.378
MinimumVisualStudioVersion = 10.0.40219.1
Project("{FAE04EC0-301F-11D3-BF4B-00C04F79EFBC}") = "ConsoleApp1", "ConsoleApp1.csproj", "{D861133A-0B6A-4EA0-B878-8F6D2EC117ED}"
EndProject
Global
	GlobalSection(SolutionConfigurationPlatforms) = preSolution
		Debug|Any CPU = Debug|Any CPU
		Release|Any CPU = Release|Any CPU
	EndGlobalSection
	GlobalSection(ProjectConfigurationPlatforms) = postSolution
		{D861133A-0B6A-4EA0-B878-8F6D2EC117ED}.Debug|Any CPU.ActiveCfg = Debug|Any CPU
		{D861133A-0B6A-4EA0-B878-8F6D2EC117ED}.Debug|Any CPU.Build.0 = Debug|Any CPU
		{D861133A-0B6A-4EA0-B878-8F6D2EC117ED}.Release|Any CPU.ActiveCfg = Release|Any CPU
		{D861133A-0B6A-4EA0-B878-8F6D2EC117ED}.Release|Any CPU.Build.0 = Release|Any CPU
	EndGlobalSection
	GlobalSection(SolutionProperties) = preSolution
		HideSolutionNode = FALSE
	EndGlobalSection
	GlobalSection(ExtensibilityGlobals) = postSolution
		SolutionGuid = {6A95D39C-ED2E-499A-AD62-FC3732940749}
	EndGlobalSection
EndGlobal
